
Microsoft Visual Studio Solution File, Format Version 12.00
# Visual Studio Version 16
VisualStudioVersion = 16.0.31005.135
MinimumVisualStudioVersion = 10.0.40219.1
Project("{FAE04EC0-301F-11D3-BF4B-00C04F79EFBC}") = "SRSP5", "SRSP5\SRSP5.csproj", "{7EBFAA2C-819D-44CC-94EB-571071FA85D0}"
EndProject
Global
	GlobalSection(SolutionConfigurationPlatforms) = preSolution
		Debug|Any CPU = Debug|Any CPU
		Release|Any CPU = Release|Any CPU
	EndGlobalSection
	GlobalSection(ProjectConfigurationPlatforms) = postSolution
		{7EBFAA2C-819D-44CC-94EB-571071FA85D0}.Debug|Any CPU.ActiveCfg = Debug|Any CPU
		{7EBFAA2C-819D-44CC-94EB-571071FA85D0}.Debug|Any CPU.Build.0 = Debug|Any CPU
		{7EBFAA2C-819D-44CC-94EB-571071FA85D0}.Release|Any CPU.ActiveCfg = Release|Any CPU
		{7EBFAA2C-819D-44CC-94EB-571071FA85D0}.Release|Any CPU.Build.0 = Release|Any CPU
	EndGlobalSection
	GlobalSection(SolutionProperties) = preSolution
		HideSolutionNode = FALSE
	EndGlobalSection
	GlobalSection(ExtensibilityGlobals) = postSolution
		SolutionGuid = {A5300A45-0D20-4B65-BBC1-8EA0A4633F2D}
	EndGlobalSection
EndGlobal
